{
  "name": "nsq-ws-bridge-nodejs",
  "version": "1.0.0",
  "lockfileVersion": 2,
  "requires": true,
  "packages": {
    "": {
      "name": "nsq-ws-bridge-nodejs",
      "version": "1.0.0",
      "license": "ISC",
      "dependencies": {
        "nsqjs": "^0.13.0",
        "ws": "^8.2.2"
      }
    },
    "node_modules/@napi-rs/snappy": {
      "version": "1.0.2",
      "resolved": "https://registry.npmjs.org/@napi-rs/snappy/-/snappy-1.0.2.tgz",
      "integrity": "sha512-QHuTPh/HCmDfXSnswisrfpq20rwRh5Xl5pR0BEfR/31cTN3IesH6RD0tcs7/ZuGld+EsT/O9ksDyTEKYOque6g==",
      "optional": true,
      "dependencies": {
        "@node-rs/helper": "^1.2.0"
      },
      "engines": {
        "node": ">= 10"
      },
      "funding": {
        "type": "github",
        "url": "https://github.com/sponsors/Brooooooklyn"
      },
      "optionalDependencies": {
        "@napi-rs/snappy-android-arm64": "^1.0.2",
        "@napi-rs/snappy-darwin-arm64": "^1.0.2",
        "@napi-rs/snappy-darwin-x64": "^1.0.2",
        "@napi-rs/snappy-freebsd-x64": "^1.0.2",
        "@napi-rs/snappy-linux-arm-gnueabihf": "^1.0.2",
        "@napi-rs/snappy-linux-arm64-gnu": "^1.0.2",
        "@napi-rs/snappy-linux-arm64-musl": "^1.0.2",
        "@napi-rs/snappy-linux-x64-gnu": "^1.0.2",
        "@napi-rs/snappy-linux-x64-musl": "^1.0.2",
        "@napi-rs/snappy-win32-arm64-msvc": "^1.0.2",
        "@napi-rs/snappy-win32-ia32-msvc": "^1.0.2",
        "@napi-rs/snappy-win32-x64-msvc": "^1.0.2"
      }
    },
    "node_modules/@napi-rs/snappy-android-arm64": {
      "version": "1.0.2",
      "resolved": "https://registry.npmjs.org/@napi-rs/snappy-android-arm64/-/snappy-android-arm64-1.0.2.tgz",
      "integrity": "sha512-I7VLnv6lJDquMX3AlC8JZREUplxOyPrqCeTLOg8eojISByyjCdEbn8xPzr8sdz2AF9fqzhqC3Hs9SOw3CtP/xg==",
      "cpu": [
        "arm64"
      ],
      "optional": true,
      "os": [
        "android"
      ],
      "engines": {
        "node": ">= 10"
      }
    },
    "node_modules/@napi-rs/snappy-darwin-arm64": {
      "version": "1.0.2",
      "resolved": "https://registry.npmjs.org/@napi-rs/snappy-darwin-arm64/-/snappy-darwin-arm64-1.0.2.tgz",
      "integrity": "sha512-bORHtrSu8zYklG5JyxOU2wseRo3tj8+WioP28M8TBseYVLrd+zckLVAia5J89NJD08LwJUdH/yW8VV3s+u8aLA==",
      "cpu": [
        "arm64"
      ],
      "optional": true,
      "os": [
        "darwin"
      ],
      "engines": {
        "node": ">= 10"
      }
    },
    "node_modules/@napi-rs/snappy-darwin-x64": {
      "version": "1.0.2",
      "resolved": "https://registry.npmjs.org/@napi-rs/snappy-darwin-x64/-/snappy-darwin-x64-1.0.2.tgz",
      "integrity": "sha512-FaJ2O23ALj7PLlDCOr5Jlzb4F+cGO4dfc+8xFbYC1XdAqvItZD7toRGs8g5sisdWJDRDpcP8jByF7XK2RIOLqQ==",
      "cpu": [
        "x64"
      ],
      "optional": true,
      "os": [
        "darwin"
      ],
      "engines": {
        "node": ">= 10"
      }
    },
    "node_modules/@napi-rs/snappy-freebsd-x64": {
      "version": "1.0.2",
      "resolved": "https://registry.npmjs.org/@napi-rs/snappy-freebsd-x64/-/snappy-freebsd-x64-1.0.2.tgz",
      "integrity": "sha512-oc4ahBFXL0zsSmO0bwtrTB8I1RBMNo2YPYlHdAf4SIFaqXkY3DHIDOSsLFSEvgQ0MKkBLZ8gtADheUz1Jr8HDQ==",
      "cpu": [
        "x64"
      ],
      "optional": true,
      "os": [
        "freebsd"
      ],
      "engines": {
        "node": ">= 10"
      }
    },
    "node_modules/@napi-rs/snappy-linux-arm-gnueabihf": {
      "version": "1.0.2",
      "resolved": "https://registry.npmjs.org/@napi-rs/snappy-linux-arm-gnueabihf/-/snappy-linux-arm-gnueabihf-1.0.2.tgz",
      "integrity": "sha512-9v4aKeYbdmgsLZBNaCr9Ws7mmtLrMjIeDMc0fytkCil4bmRJG86/nqMgq5jx1zC8waHYRp9GT2Vf53eVW/JXFA==",
      "cpu": [
        "arm"
      ],
      "optional": true,
      "os": [
        "linux"
      ],
      "engines": {
        "node": ">= 10"
      }
    },
    "node_modules/@napi-rs/snappy-linux-arm64-gnu": {
      "version": "1.0.2",
      "resolved": "https://registry.npmjs.org/@napi-rs/snappy-linux-arm64-gnu/-/snappy-linux-arm64-gnu-1.0.2.tgz",
      "integrity": "sha512-TljVpKLrlMzLMP0zW6Teqf2T0BWNvPMlzl/956XIxlEyH2lwNJKTOti/KdOsodamZK2M6zl9hMniao0QVcMHNQ==",
      "cpu": [
        "arm64"
      ],
      "optional": true,
      "os": [
        "linux"
      ],
      "engines": {
        "node": ">= 10"
      }
    },
    "node_modules/@napi-rs/snappy-linux-arm64-musl": {
      "version": "1.0.2",
      "resolved": "https://registry.npmjs.org/@napi-rs/snappy-linux-arm64-musl/-/snappy-linux-arm64-musl-1.0.2.tgz",
      "integrity": "sha512-XbIGdGb8r8j2CDCKDqs0FLr8VgQbdIUM5x6OEDjp5Mw3HeSDsDCGmNioJvzQl0t28ftDitE4BUeaMJM6OHYcAw==",
      "cpu": [
        "arm64"
      ],
      "optional": true,
      "os": [
        "linux"
      ],
      "engines": {
        "node": ">= 10"
      }
    },
    "node_modules/@napi-rs/snappy-linux-x64-gnu": {
      "version": "1.0.2",
      "resolved": "https://registry.npmjs.org/@napi-rs/snappy-linux-x64-gnu/-/snappy-linux-x64-gnu-1.0.2.tgz",
      "integrity": "sha512-XUJuwM7X7WaQ7TN3orog9/P1B7agDjW84eWbx45MHMalCkf/O14pWeehCBr7PKzQb7DVFNCPG9Z16VNNr2kxMg==",
      "cpu": [
        "x64"
      ],
      "optional": true,
      "os": [
        "linux"
      ],
      "engines": {
        "node": ">= 10"
      }
    },
    "node_modules/@napi-rs/snappy-linux-x64-musl": {
      "version": "1.0.2",
      "resolved": "https://registry.npmjs.org/@napi-rs/snappy-linux-x64-musl/-/snappy-linux-x64-musl-1.0.2.tgz",
      "integrity": "sha512-pAPPy+fFCP1gXr7Bbn1Nfsq3875WJdf54ti2oKKf3lgL22+afz9m2dMn1/GuWET1vzCaoGaEjb59J9J11cN8lg==",
      "cpu": [
        "x64"
      ],
      "optional": true,
      "os": [
        "linux"
      ],
      "engines": {
        "node": ">= 10"
      }
    },
    "node_modules/@napi-rs/snappy-win32-arm64-msvc": {
      "version": "1.0.2",
      "resolved": "https://registry.npmjs.org/@napi-rs/snappy-win32-arm64-msvc/-/snappy-win32-arm64-msvc-1.0.2.tgz",
      "integrity": "sha512-2amNgMm8LFhI8KzWlCuHByBKsCiB4c9ur5EY0PZCfbbUL+d8TRcVeHLndgUtgCqT+m+T35LXV6jpL3jF6vS3PQ==",
      "cpu": [
        "arm64"
      ],
      "optional": true,
      "os": [
        "win32"
      ],
      "engines": {
        "node": ">= 10"
      }
    },
    "node_modules/@napi-rs/snappy-win32-ia32-msvc": {
      "version": "1.0.2",
      "resolved": "https://registry.npmjs.org/@napi-rs/snappy-win32-ia32-msvc/-/snappy-win32-ia32-msvc-1.0.2.tgz",
      "integrity": "sha512-Z0ujqNb6ybi3CBZYV/dKZRQ3V0YqX74xwO0n/vV4FG+kjMbmz1x2O5B+cbpBdYciPLf/oN1EJMEbf/e+csHXig==",
      "cpu": [
        "ia32"
      ],
      "optional": true,
      "os": [
        "win32"
      ],
      "engines": {
        "node": ">= 10"
      }
    },
    "node_modules/@napi-rs/snappy-win32-x64-msvc": {
      "version": "1.0.2",
      "resolved": "https://registry.npmjs.org/@napi-rs/snappy-win32-x64-msvc/-/snappy-win32-x64-msvc-1.0.2.tgz",
      "integrity": "sha512-mpGGtdJp0+myWzVqtfkKcjdN8rXgN2b8ox6WxEe5CNga/vV8LdIpBl4HgQ4/GTd1PolG9v7eXqnl5Rli+yb8Nw==",
      "cpu": [
        "x64"
      ],
      "optional": true,
      "os": [
        "win32"
      ],
      "engines": {
        "node": ">= 10"
      }
    },
    "node_modules/@napi-rs/triples": {
      "version": "1.0.3",
      "resolved": "https://registry.npmjs.org/@napi-rs/triples/-/triples-1.0.3.tgz",
      "integrity": "sha512-jDJTpta+P4p1NZTFVLHJ/TLFVYVcOqv6l8xwOeBKNPMgY/zDYH/YH7SJbvrr/h1RcS9GzbPcLKGzpuK9cV56UA==",
      "optional": true
    },
    "node_modules/@node-rs/crc32": {
      "version": "1.2.1",
      "resolved": "https://registry.npmjs.org/@node-rs/crc32/-/crc32-1.2.1.tgz",
      "integrity": "sha512-Hw9QJPisg1ZR9Rj6w3sQLcEZkPanu1RLb4yk0Wq0cT4RNYssw35RtOkN/x/tW9iIMLq2YjHUyb6tun82dLVTPQ==",
      "optional": true,
      "dependencies": {
        "@node-rs/helper": "^1.2.1"
      },
      "engines": {
        "node": ">= 10"
      },
      "funding": {
        "type": "github",
        "url": "https://github.com/sponsors/Brooooooklyn"
      },
      "optionalDependencies": {
        "@node-rs/crc32-android-arm64": "^1.2.1",
        "@node-rs/crc32-darwin-arm64": "^1.2.1",
        "@node-rs/crc32-darwin-x64": "^1.2.1",
        "@node-rs/crc32-freebsd-x64": "^1.2.1",
        "@node-rs/crc32-linux-arm-gnueabihf": "^1.2.1",
        "@node-rs/crc32-linux-arm64-gnu": "^1.2.1",
        "@node-rs/crc32-linux-arm64-musl": "^1.2.1",
        "@node-rs/crc32-linux-x64-gnu": "^1.2.1",
        "@node-rs/crc32-linux-x64-musl": "^1.2.1",
        "@node-rs/crc32-win32-arm64-msvc": "^1.2.1",
        "@node-rs/crc32-win32-ia32-msvc": "^1.2.1",
        "@node-rs/crc32-win32-x64-msvc": "^1.2.1"
      }
    },
    "node_modules/@node-rs/crc32-android-arm64": {
      "version": "1.2.1",
      "resolved": "https://registry.npmjs.org/@node-rs/crc32-android-arm64/-/crc32-android-arm64-1.2.1.tgz",
      "integrity": "sha512-SWz9X44WQzZqzURYz4DY3DccB97T+aKJl+i6rvREwf1Y5suWiPdxU4xqg9zZ66aG6XeE3ts+WeqKH26bVbZTQA==",
      "cpu": [
        "arm64"
      ],
      "optional": true,
      "os": [
        "android"
      ],
      "engines": {
        "node": ">= 10"
      }
    },
    "node_modules/@node-rs/crc32-darwin-arm64": {
      "version": "1.2.1",
      "resolved": "https://registry.npmjs.org/@node-rs/crc32-darwin-arm64/-/crc32-darwin-arm64-1.2.1.tgz",
      "integrity": "sha512-JKKYEc5YKrZZ0CQ0nXSLCraU+6b9SldGU3/Wf3s4WCzYGkkB4XtMwjx3t7bGZAGmZ2ZcRy9M2EGJ8tUfV8cOOg==",
      "cpu": [
        "arm64"
      ],
      "optional": true,
      "os": [
        "darwin"
      ],
      "engines": {
        "node": ">= 10"
      }
    },
    "node_modules/@node-rs/crc32-darwin-x64": {
      "version": "1.2.1",
      "resolved": "https://registry.npmjs.org/@node-rs/crc32-darwin-x64/-/crc32-darwin-x64-1.2.1.tgz",
      "integrity": "sha512-BaWeOdzJ73MyrChWQqQkJEKM9jRUjb19tE7PbFhG8cZPVxBFyxgTFNuBrR0xHOByCHI4QXSBvNCLEfawHbsscQ==",
      "cpu": [
        "x64"
      ],
      "optional": true,
      "os": [
        "darwin"
      ],
      "engines": {
        "node": ">= 10"
      }
    },
    "node_modules/@node-rs/crc32-freebsd-x64": {
      "version": "1.2.1",
      "resolved": "https://registry.npmjs.org/@node-rs/crc32-freebsd-x64/-/crc32-freebsd-x64-1.2.1.tgz",
      "integrity": "sha512-ZzAJS9EwUwvclfhvDT6vn0CYpU4CAvDYpPjXb+e0bsFbvqoh8mQcXvzK1myU3fSjjKUU47Pp5wLe68vW+2Q0Pw==",
      "cpu": [
        "x64"
      ],
      "optional": true,
      "os": [
        "freebsd"
      ],
      "engines": {
        "node": ">= 10"
      }
    },
    "node_modules/@node-rs/crc32-linux-arm-gnueabihf": {
      "version": "1.2.1",
      "resolved": "https://registry.npmjs.org/@node-rs/crc32-linux-arm-gnueabihf/-/crc32-linux-arm-gnueabihf-1.2.1.tgz",
      "integrity": "sha512-6nRDyFgGsLc9bqaiK21KANqAdeh+9ZOHf3MY9HWvZoGQnxj2/LwvSHyaeG9ut+TvkL+Ic2hMtjLDNYYBaUcImw==",
      "cpu": [
        "arm"
      ],
      "optional": true,
      "os": [
        "linux"
      ],
      "engines": {
        "node": ">= 10"
      }
    },
    "node_modules/@node-rs/crc32-linux-arm64-gnu": {
      "version": "1.2.1",
      "resolved": "https://registry.npmjs.org/@node-rs/crc32-linux-arm64-gnu/-/crc32-linux-arm64-gnu-1.2.1.tgz",
      "integrity": "sha512-ZNluh2Wse68JgLGRl75fkLmVkAPSb1LE/2OdPXKZ85ExGYB5/3el2nE1CnysbqxqzL/Cc6kJ7UnsI/cxSe/D4Q==",
      "cpu": [
        "arm64"
      ],
      "optional": true,
      "os": [
        "linux"
      ],
      "engines": {
        "node": ">= 10"
      }
    },
    "node_modules/@node-rs/crc32-linux-arm64-musl": {
      "version": "1.2.1",
      "resolved": "https://registry.npmjs.org/@node-rs/crc32-linux-arm64-musl/-/crc32-linux-arm64-musl-1.2.1.tgz",
      "integrity": "sha512-e490eNo9GB57koS4gabDeZ+f7wB3/SNtPbdXPk7bBNSFAB0gPdrqxiVUzLkY6AALVPR/juQGRb+geJOp1Oja/g==",
      "cpu": [
        "arm64"
      ],
      "optional": true,
      "os": [
        "linux"
      ],
      "engines": {
        "node": ">= 10"
      }
    },
    "node_modules/@node-rs/crc32-linux-x64-gnu": {
      "version": "1.2.1",
      "resolved": "https://registry.npmjs.org/@node-rs/crc32-linux-x64-gnu/-/crc32-linux-x64-gnu-1.2.1.tgz",
      "integrity": "sha512-laJ7cAzYfNk+h3OOSwYsDdxfp1bXnpWqXVObXvylwHZQwIqUqTC5GCOa6kMMz2ElzJ9gDBgVvLplI8QX7BQnwA==",
      "cpu": [
        "x64"
      ],
      "optional": true,
      "os": [
        "linux"
      ],
      "engines": {
        "node": ">= 10"
      }
    },
    "node_modules/@node-rs/crc32-linux-x64-musl": {
      "version": "1.2.1",
      "resolved": "https://registry.npmjs.org/@node-rs/crc32-linux-x64-musl/-/crc32-linux-x64-musl-1.2.1.tgz",
      "integrity": "sha512-d6DyJMgIg4E2E+GHeIYMImqDd+iaGQjwGrzLDqO1TaC08yE63chlvCMNNoQ5k2c8mzdWH2VX72IapWT5nArR0A==",
      "cpu": [
        "x64"
      ],
      "optional": true,
      "os": [
        "linux"
      ],
      "engines": {
        "node": ">= 10"
      }
    },
    "node_modules/@node-rs/crc32-win32-arm64-msvc": {
      "version": "1.2.1",
      "resolved": "https://registry.npmjs.org/@node-rs/crc32-win32-arm64-msvc/-/crc32-win32-arm64-msvc-1.2.1.tgz",
      "integrity": "sha512-qwDzpv/9oZcK6SrFomALjYDMkEhtjfxNmjhCYKDgeXvAkTAdwzpVdj+8PDyyBN63afpVndDnBqGhSEwHJPB6aQ==",
      "cpu": [
        "arm64"
      ],
      "optional": true,
      "os": [
        "win32"
      ],
      "engines": {
        "node": ">= 10"
      }
    },
    "node_modules/@node-rs/crc32-win32-ia32-msvc": {
      "version": "1.2.1",
      "resolved": "https://registry.npmjs.org/@node-rs/crc32-win32-ia32-msvc/-/crc32-win32-ia32-msvc-1.2.1.tgz",
      "integrity": "sha512-g/3UVw8LBmsTn+DUD39WDhfcL+S0pILBz/3+HM9QxbY2ptPxI8QtEK0sTIBAKTcRjq6dS8MmtcDWBFsDTs+/mQ==",
      "cpu": [
        "ia32"
      ],
      "optional": true,
      "os": [
        "win32"
      ],
      "engines": {
        "node": ">= 10"
      }
    },
    "node_modules/@node-rs/crc32-win32-x64-msvc": {
      "version": "1.2.1",
      "resolved": "https://registry.npmjs.org/@node-rs/crc32-win32-x64-msvc/-/crc32-win32-x64-msvc-1.2.1.tgz",
      "integrity": "sha512-BGTEFRdIk6Vq9BSC3VuBVYKadZXOhhtPT8LUfz4s9cK3k8ba6nFzKIbOm5UsPIUSz2lRqlWdHQQWVaCoGAAvbQ==",
      "cpu": [
        "x64"
      ],
      "optional": true,
      "os": [
        "win32"
      ],
      "engines": {
        "node": ">= 10"
      }
    },
    "node_modules/@node-rs/helper": {
      "version": "1.2.1",
      "resolved": "https://registry.npmjs.org/@node-rs/helper/-/helper-1.2.1.tgz",
      "integrity": "sha512-R5wEmm8nbuQU0YGGmYVjEc0OHtYsuXdpRG+Ut/3wZ9XAvQWyThN08bTh2cBJgoZxHQUPtvRfeQuxcAgLuiBISg==",
      "optional": true,
      "dependencies": {
        "@napi-rs/triples": "^1.0.3"
      }
    },
    "node_modules/int24": {
      "version": "0.0.1",
      "resolved": "https://registry.npmjs.org/int24/-/int24-0.0.1.tgz",
      "integrity": "sha1-ls/xQwpGVXNS7bQGzYezCCs2nYQ=",
      "optional": true
    },
    "node_modules/lodash": {
      "version": "4.17.21",
      "resolved": "https://registry.npmjs.org/lodash/-/lodash-4.17.21.tgz",
      "integrity": "sha512-v2kDEe57lecTulaDIuNTPy3Ry4gLGJ6Z1O3vE1krgXZNrsQ+LFTGHVxVjcXPs17LhbZVGedAJv8XZ1tvj5FvSg=="
    },
    "node_modules/node-fetch": {
      "version": "2.6.2",
      "resolved": "https://registry.npmjs.org/node-fetch/-/node-fetch-2.6.2.tgz",
      "integrity": "sha512-aLoxToI6RfZ+0NOjmWAgn9+LEd30YCkJKFSyWacNZdEKTit/ZMcKjGkTRo8uWEsnIb/hfKecNPEbln02PdWbcA==",
      "engines": {
        "node": "4.x || >=6.0.0"
      }
    },
    "node_modules/node-state": {
      "version": "1.4.4",
      "resolved": "https://registry.npmjs.org/node-state/-/node-state-1.4.4.tgz",
      "integrity": "sha1-5eYthhZ+LahyOKyG/PUy3+Nsrbk=",
      "engines": {
        "node": ">=0.6.6"
      }
    },
    "node_modules/nsqjs": {
      "version": "0.13.0",
      "resolved": "https://registry.npmjs.org/nsqjs/-/nsqjs-0.13.0.tgz",
      "integrity": "sha512-h4sZoJu8qumYYGLts9ObWl+eK3BzkbBuE7UhrQYkLMQvaeHXFlGfBXB5IcgNBRQVOuEVRfT/1V4bPpgiJyN/RQ==",
      "dependencies": {
        "lodash": "^4.17.15",
        "node-fetch": "^2.6.1",
        "node-state": "~1.4.4"
      },
      "engines": {
        "node": ">= 12.13.0"
      },
      "optionalDependencies": {
        "snappystream": "^2.0.0"
      }
    },
    "node_modules/snappystream": {
      "version": "2.0.0",
      "resolved": "https://registry.npmjs.org/snappystream/-/snappystream-2.0.0.tgz",
      "integrity": "sha512-Uu8wVCmd4R7W46HfHd6+E0kIFZlZ80heUyUyaCePhvIPCJF+uzpeAry5/6WNmeqx8SJiSdr0N635qUtL3AqzWg==",
      "optional": true,
      "dependencies": {
        "@napi-rs/snappy": "^1.0.1",
        "@node-rs/crc32": "^1.1.2",
        "int24": "0.0.1"
      },
      "engines": {
        "node": ">=12"
      }
    },
    "node_modules/ws": {
      "version": "8.2.2",
      "resolved": "https://registry.npmjs.org/ws/-/ws-8.2.2.tgz",
      "integrity": "sha512-Q6B6H2oc8QY3llc3cB8kVmQ6pnJWVQbP7Q5algTcIxx7YEpc0oU4NBVHlztA7Ekzfhw2r0rPducMUiCGWKQRzw==",
      "engines": {
        "node": ">=10.0.0"
      },
      "peerDependencies": {
        "bufferutil": "^4.0.1",
        "utf-8-validate": "^5.0.2"
      },
      "peerDependenciesMeta": {
        "bufferutil": {
          "optional": true
        },
        "utf-8-validate": {
          "optional": true
        }
      }
    }
  },
  "dependencies": {
    "@napi-rs/snappy": {
      "version": "1.0.2",
      "resolved": "https://registry.npmjs.org/@napi-rs/snappy/-/snappy-1.0.2.tgz",
      "integrity": "sha512-QHuTPh/HCmDfXSnswisrfpq20rwRh5Xl5pR0BEfR/31cTN3IesH6RD0tcs7/ZuGld+EsT/O9ksDyTEKYOque6g==",
      "optional": true,
      "requires": {
        "@napi-rs/snappy-android-arm64": "^1.0.2",
        "@napi-rs/snappy-darwin-arm64": "^1.0.2",
        "@napi-rs/snappy-darwin-x64": "^1.0.2",
        "@napi-rs/snappy-freebsd-x64": "^1.0.2",
        "@napi-rs/snappy-linux-arm-gnueabihf": "^1.0.2",
        "@napi-rs/snappy-linux-arm64-gnu": "^1.0.2",
        "@napi-rs/snappy-linux-arm64-musl": "^1.0.2",
        "@napi-rs/snappy-linux-x64-gnu": "^1.0.2",
        "@napi-rs/snappy-linux-x64-musl": "^1.0.2",
        "@napi-rs/snappy-win32-arm64-msvc": "^1.0.2",
        "@napi-rs/snappy-win32-ia32-msvc": "^1.0.2",
        "@napi-rs/snappy-win32-x64-msvc": "^1.0.2",
        "@node-rs/helper": "^1.2.0"
      }
    },
    "@napi-rs/snappy-android-arm64": {
      "version": "1.0.2",
      "resolved": "https://registry.npmjs.org/@napi-rs/snappy-android-arm64/-/snappy-android-arm64-1.0.2.tgz",
      "integrity": "sha512-I7VLnv6lJDquMX3AlC8JZREUplxOyPrqCeTLOg8eojISByyjCdEbn8xPzr8sdz2AF9fqzhqC3Hs9SOw3CtP/xg==",
      "optional": true
    },
    "@napi-rs/snappy-darwin-arm64": {
      "version": "1.0.2",
      "resolved": "https://registry.npmjs.org/@napi-rs/snappy-darwin-arm64/-/snappy-darwin-arm64-1.0.2.tgz",
      "integrity": "sha512-bORHtrSu8zYklG5JyxOU2wseRo3tj8+WioP28M8TBseYVLrd+zckLVAia5J89NJD08LwJUdH/yW8VV3s+u8aLA==",
      "optional": true
    },
    "@napi-rs/snappy-darwin-x64": {
      "version": "1.0.2",
      "resolved": "https://registry.npmjs.org/@napi-rs/snappy-darwin-x64/-/snappy-darwin-x64-1.0.2.tgz",
      "integrity": "sha512-FaJ2O23ALj7PLlDCOr5Jlzb4F+cGO4dfc+8xFbYC1XdAqvItZD7toRGs8g5sisdWJDRDpcP8jByF7XK2RIOLqQ==",
      "optional": true
    },
    "@napi-rs/snappy-freebsd-x64": {
      "version": "1.0.2",
      "resolved": "https://registry.npmjs.org/@napi-rs/snappy-freebsd-x64/-/snappy-freebsd-x64-1.0.2.tgz",
      "integrity": "sha512-oc4ahBFXL0zsSmO0bwtrTB8I1RBMNo2YPYlHdAf4SIFaqXkY3DHIDOSsLFSEvgQ0MKkBLZ8gtADheUz1Jr8HDQ==",
      "optional": true
    },
    "@napi-rs/snappy-linux-arm-gnueabihf": {
      "version": "1.0.2",
      "resolved": "https://registry.npmjs.org/@napi-rs/snappy-linux-arm-gnueabihf/-/snappy-linux-arm-gnueabihf-1.0.2.tgz",
      "integrity": "sha512-9v4aKeYbdmgsLZBNaCr9Ws7mmtLrMjIeDMc0fytkCil4bmRJG86/nqMgq5jx1zC8waHYRp9GT2Vf53eVW/JXFA==",
      "optional": true
    },
    "@napi-rs/snappy-linux-arm64-gnu": {
      "version": "1.0.2",
      "resolved": "https://registry.npmjs.org/@napi-rs/snappy-linux-arm64-gnu/-/snappy-linux-arm64-gnu-1.0.2.tgz",
      "integrity": "sha512-TljVpKLrlMzLMP0zW6Teqf2T0BWNvPMlzl/956XIxlEyH2lwNJKTOti/KdOsodamZK2M6zl9hMniao0QVcMHNQ==",
      "optional": true
    },
    "@napi-rs/snappy-linux-arm64-musl": {
      "version": "1.0.2",
      "resolved": "https://registry.npmjs.org/@napi-rs/snappy-linux-arm64-musl/-/snappy-linux-arm64-musl-1.0.2.tgz",
      "integrity": "sha512-XbIGdGb8r8j2CDCKDqs0FLr8VgQbdIUM5x6OEDjp5Mw3HeSDsDCGmNioJvzQl0t28ftDitE4BUeaMJM6OHYcAw==",
      "optional": true
    },
    "@napi-rs/snappy-linux-x64-gnu": {
      "version": "1.0.2",
      "resolved": "https://registry.npmjs.org/@napi-rs/snappy-linux-x64-gnu/-/snappy-linux-x64-gnu-1.0.2.tgz",
      "integrity": "sha512-XUJuwM7X7WaQ7TN3orog9/P1B7agDjW84eWbx45MHMalCkf/O14pWeehCBr7PKzQb7DVFNCPG9Z16VNNr2kxMg==",
      "optional": true
    },
    "@napi-rs/snappy-linux-x64-musl": {
      "version": "1.0.2",
      "resolved": "https://registry.npmjs.org/@napi-rs/snappy-linux-x64-musl/-/snappy-linux-x64-musl-1.0.2.tgz",
      "integrity": "sha512-pAPPy+fFCP1gXr7Bbn1Nfsq3875WJdf54ti2oKKf3lgL22+afz9m2dMn1/GuWET1vzCaoGaEjb59J9J11cN8lg==",
      "optional": true
    },
    "@napi-rs/snappy-win32-arm64-msvc": {
      "version": "1.0.2",
      "resolved": "https://registry.npmjs.org/@napi-rs/snappy-win32-arm64-msvc/-/snappy-win32-arm64-msvc-1.0.2.tgz",
      "integrity": "sha512-2amNgMm8LFhI8KzWlCuHByBKsCiB4c9ur5EY0PZCfbbUL+d8TRcVeHLndgUtgCqT+m+T35LXV6jpL3jF6vS3PQ==",
      "optional": true
    },
    "@napi-rs/snappy-win32-ia32-msvc": {
      "version": "1.0.2",
      "resolved": "https://registry.npmjs.org/@napi-rs/snappy-win32-ia32-msvc/-/snappy-win32-ia32-msvc-1.0.2.tgz",
      "integrity": "sha512-Z0ujqNb6ybi3CBZYV/dKZRQ3V0YqX74xwO0n/vV4FG+kjMbmz1x2O5B+cbpBdYciPLf/oN1EJMEbf/e+csHXig==",
      "optional": true
    },
    "@napi-rs/snappy-win32-x64-msvc": {
      "version": "1.0.2",
      "resolved": "https://registry.npmjs.org/@napi-rs/snappy-win32-x64-msvc/-/snappy-win32-x64-msvc-1.0.2.tgz",
      "integrity": "sha512-mpGGtdJp0+myWzVqtfkKcjdN8rXgN2b8ox6WxEe5CNga/vV8LdIpBl4HgQ4/GTd1PolG9v7eXqnl5Rli+yb8Nw==",
      "optional": true
    },
    "@napi-rs/triples": {
      "version": "1.0.3",
      "resolved": "https://registry.npmjs.org/@napi-rs/triples/-/triples-1.0.3.tgz",
      "integrity": "sha512-jDJTpta+P4p1NZTFVLHJ/TLFVYVcOqv6l8xwOeBKNPMgY/zDYH/YH7SJbvrr/h1RcS9GzbPcLKGzpuK9cV56UA==",
      "optional": true
    },
    "@node-rs/crc32": {
      "version": "1.2.1",
      "resolved": "https://registry.npmjs.org/@node-rs/crc32/-/crc32-1.2.1.tgz",
      "integrity": "sha512-Hw9QJPisg1ZR9Rj6w3sQLcEZkPanu1RLb4yk0Wq0cT4RNYssw35RtOkN/x/tW9iIMLq2YjHUyb6tun82dLVTPQ==",
      "optional": true,
      "requires": {
        "@node-rs/crc32-android-arm64": "^1.2.1",
        "@node-rs/crc32-darwin-arm64": "^1.2.1",
        "@node-rs/crc32-darwin-x64": "^1.2.1",
        "@node-rs/crc32-freebsd-x64": "^1.2.1",
        "@node-rs/crc32-linux-arm-gnueabihf": "^1.2.1",
        "@node-rs/crc32-linux-arm64-gnu": "^1.2.1",
        "@node-rs/crc32-linux-arm64-musl": "^1.2.1",
        "@node-rs/crc32-linux-x64-gnu": "^1.2.1",
        "@node-rs/crc32-linux-x64-musl": "^1.2.1",
        "@node-rs/crc32-win32-arm64-msvc": "^1.2.1",
        "@node-rs/crc32-win32-ia32-msvc": "^1.2.1",
        "@node-rs/crc32-win32-x64-msvc": "^1.2.1",
        "@node-rs/helper": "^1.2.1"
      }
    },
    "@node-rs/crc32-android-arm64": {
      "version": "1.2.1",
      "resolved": "https://registry.npmjs.org/@node-rs/crc32-android-arm64/-/crc32-android-arm64-1.2.1.tgz",
      "integrity": "sha512-SWz9X44WQzZqzURYz4DY3DccB97T+aKJl+i6rvREwf1Y5suWiPdxU4xqg9zZ66aG6XeE3ts+WeqKH26bVbZTQA==",
      "optional": true
    },
    "@node-rs/crc32-darwin-arm64": {
      "version": "1.2.1",
      "resolved": "https://registry.npmjs.org/@node-rs/crc32-darwin-arm64/-/crc32-darwin-arm64-1.2.1.tgz",
      "integrity": "sha512-JKKYEc5YKrZZ0CQ0nXSLCraU+6b9SldGU3/Wf3s4WCzYGkkB4XtMwjx3t7bGZAGmZ2ZcRy9M2EGJ8tUfV8cOOg==",
      "optional": true
    },
    "@node-rs/crc32-darwin-x64": {
      "version": "1.2.1",
      "resolved": "https://registry.npmjs.org/@node-rs/crc32-darwin-x64/-/crc32-darwin-x64-1.2.1.tgz",
      "integrity": "sha512-BaWeOdzJ73MyrChWQqQkJEKM9jRUjb19tE7PbFhG8cZPVxBFyxgTFNuBrR0xHOByCHI4QXSBvNCLEfawHbsscQ==",
      "optional": true
    },
    "@node-rs/crc32-freebsd-x64": {
      "version": "1.2.1",
      "resolved": "https://registry.npmjs.org/@node-rs/crc32-freebsd-x64/-/crc32-freebsd-x64-1.2.1.tgz",
      "integrity": "sha512-ZzAJS9EwUwvclfhvDT6vn0CYpU4CAvDYpPjXb+e0bsFbvqoh8mQcXvzK1myU3fSjjKUU47Pp5wLe68vW+2Q0Pw==",
      "optional": true
    },
    "@node-rs/crc32-linux-arm-gnueabihf": {
      "version": "1.2.1",
      "resolved": "https://registry.npmjs.org/@node-rs/crc32-linux-arm-gnueabihf/-/crc32-linux-arm-gnueabihf-1.2.1.tgz",
      "integrity": "sha512-6nRDyFgGsLc9bqaiK21KANqAdeh+9ZOHf3MY9HWvZoGQnxj2/LwvSHyaeG9ut+TvkL+Ic2hMtjLDNYYBaUcImw==",
      "optional": true
    },
    "@node-rs/crc32-linux-arm64-gnu": {
      "version": "1.2.1",
      "resolved": "https://registry.npmjs.org/@node-rs/crc32-linux-arm64-gnu/-/crc32-linux-arm64-gnu-1.2.1.tgz",
      "integrity": "sha512-ZNluh2Wse68JgLGRl75fkLmVkAPSb1LE/2OdPXKZ85ExGYB5/3el2nE1CnysbqxqzL/Cc6kJ7UnsI/cxSe/D4Q==",
      "optional": true
    },
    "@node-rs/crc32-linux-arm64-musl": {
      "version": "1.2.1",
      "resolved": "https://registry.npmjs.org/@node-rs/crc32-linux-arm64-musl/-/crc32-linux-arm64-musl-1.2.1.tgz",
      "integrity": "sha512-e490eNo9GB57koS4gabDeZ+f7wB3/SNtPbdXPk7bBNSFAB0gPdrqxiVUzLkY6AALVPR/juQGRb+geJOp1Oja/g==",
      "optional": true
    },
    "@node-rs/crc32-linux-x64-gnu": {
      "version": "1.2.1",
      "resolved": "https://registry.npmjs.org/@node-rs/crc32-linux-x64-gnu/-/crc32-linux-x64-gnu-1.2.1.tgz",
      "integrity": "sha512-laJ7cAzYfNk+h3OOSwYsDdxfp1bXnpWqXVObXvylwHZQwIqUqTC5GCOa6kMMz2ElzJ9gDBgVvLplI8QX7BQnwA==",
      "optional": true
    },
    "@node-rs/crc32-linux-x64-musl": {
      "version": "1.2.1",
      "resolved": "https://registry.npmjs.org/@node-rs/crc32-linux-x64-musl/-/crc32-linux-x64-musl-1.2.1.tgz",
      "integrity": "sha512-d6DyJMgIg4E2E+GHeIYMImqDd+iaGQjwGrzLDqO1TaC08yE63chlvCMNNoQ5k2c8mzdWH2VX72IapWT5nArR0A==",
      "optional": true
    },
    "@node-rs/crc32-win32-arm64-msvc": {
      "version": "1.2.1",
      "resolved": "https://registry.npmjs.org/@node-rs/crc32-win32-arm64-msvc/-/crc32-win32-arm64-msvc-1.2.1.tgz",
      "integrity": "sha512-qwDzpv/9oZcK6SrFomALjYDMkEhtjfxNmjhCYKDgeXvAkTAdwzpVdj+8PDyyBN63afpVndDnBqGhSEwHJPB6aQ==",
      "optional": true
    },
    "@node-rs/crc32-win32-ia32-msvc": {
      "version": "1.2.1",
      "resolved": "https://registry.npmjs.org/@node-rs/crc32-win32-ia32-msvc/-/crc32-win32-ia32-msvc-1.2.1.tgz",
      "integrity": "sha512-g/3UVw8LBmsTn+DUD39WDhfcL+S0pILBz/3+HM9QxbY2ptPxI8QtEK0sTIBAKTcRjq6dS8MmtcDWBFsDTs+/mQ==",
      "optional": true
    },
    "@node-rs/crc32-win32-x64-msvc": {
      "version": "1.2.1",
      "resolved": "https://registry.npmjs.org/@node-rs/crc32-win32-x64-msvc/-/crc32-win32-x64-msvc-1.2.1.tgz",
      "integrity": "sha512-BGTEFRdIk6Vq9BSC3VuBVYKadZXOhhtPT8LUfz4s9cK3k8ba6nFzKIbOm5UsPIUSz2lRqlWdHQQWVaCoGAAvbQ==",
      "optional": true
    },
    "@node-rs/helper": {
      "version": "1.2.1",
      "resolved": "https://registry.npmjs.org/@node-rs/helper/-/helper-1.2.1.tgz",
      "integrity": "sha512-R5wEmm8nbuQU0YGGmYVjEc0OHtYsuXdpRG+Ut/3wZ9XAvQWyThN08bTh2cBJgoZxHQUPtvRfeQuxcAgLuiBISg==",
      "optional": true,
      "requires": {
        "@napi-rs/triples": "^1.0.3"
      }
    },
    "int24": {
      "version": "0.0.1",
      "resolved": "https://registry.npmjs.org/int24/-/int24-0.0.1.tgz",
      "integrity": "sha1-ls/xQwpGVXNS7bQGzYezCCs2nYQ=",
      "optional": true
    },
    "lodash": {
      "version": "4.17.21",
      "resolved": "https://registry.npmjs.org/lodash/-/lodash-4.17.21.tgz",
      "integrity": "sha512-v2kDEe57lecTulaDIuNTPy3Ry4gLGJ6Z1O3vE1krgXZNrsQ+LFTGHVxVjcXPs17LhbZVGedAJv8XZ1tvj5FvSg=="
    },
    "node-fetch": {
      "version": "2.6.2",
      "resolved": "https://registry.npmjs.org/node-fetch/-/node-fetch-2.6.2.tgz",
      "integrity": "sha512-aLoxToI6RfZ+0NOjmWAgn9+LEd30YCkJKFSyWacNZdEKTit/ZMcKjGkTRo8uWEsnIb/hfKecNPEbln02PdWbcA=="
    },
    "node-state": {
      "version": "1.4.4",
      "resolved": "https://registry.npmjs.org/node-state/-/node-state-1.4.4.tgz",
      "integrity": "sha1-5eYthhZ+LahyOKyG/PUy3+Nsrbk="
    },
    "nsqjs": {
      "version": "0.13.0",
      "resolved": "https://registry.npmjs.org/nsqjs/-/nsqjs-0.13.0.tgz",
      "integrity": "sha512-h4sZoJu8qumYYGLts9ObWl+eK3BzkbBuE7UhrQYkLMQvaeHXFlGfBXB5IcgNBRQVOuEVRfT/1V4bPpgiJyN/RQ==",
      "requires": {
        "lodash": "^4.17.15",
        "node-fetch": "^2.6.1",
        "node-state": "~1.4.4",
        "snappystream": "^2.0.0"
      }
    },
    "snappystream": {
      "version": "2.0.0",
      "resolved": "https://registry.npmjs.org/snappystream/-/snappystream-2.0.0.tgz",
      "integrity": "sha512-Uu8wVCmd4R7W46HfHd6+E0kIFZlZ80heUyUyaCePhvIPCJF+uzpeAry5/6WNmeqx8SJiSdr0N635qUtL3AqzWg==",
      "optional": true,
      "requires": {
        "@napi-rs/snappy": "^1.0.1",
        "@node-rs/crc32": "^1.1.2",
        "int24": "0.0.1"
      }
    },
    "ws": {
      "version": "8.2.2",
      "resolved": "https://registry.npmjs.org/ws/-/ws-8.2.2.tgz",
      "integrity": "sha512-Q6B6H2oc8QY3llc3cB8kVmQ6pnJWVQbP7Q5algTcIxx7YEpc0oU4NBVHlztA7Ekzfhw2r0rPducMUiCGWKQRzw==",
      "requires": {}
    }
  }
}
